
Microsoft Visual Studio Solution File, Format Version 12.00
# Visual Studio Version 16
VisualStudioVersion = 16.0.31424.327
MinimumVisualStudioVersion = 10.0.40219.1
Project("{FAE04EC0-301F-11D3-BF4B-00C04F79EFBC}") = "TestSwagger", "TestSwagger\TestSwagger.csproj", "{90A80B1C-5257-49D5-97B8-49E065D1C9B2}"
EndProject
Project("{FAE04EC0-301F-11D3-BF4B-00C04F79EFBC}") = "DAL", "DAL\DAL.csproj", "{99218C27-6E48-4C92-8264-610AD58B98E8}"
EndProject
Project("{FAE04EC0-301F-11D3-BF4B-00C04F79EFBC}") = "BAL", "BAL\BAL.csproj", "{F212D4D3-3F8B-4CB5-9BF3-D6923BB84818}"
EndProject
Global
	GlobalSection(SolutionConfigurationPlatforms) = preSolution
		Debug|Any CPU = Debug|Any CPU
		Release|Any CPU = Release|Any CPU
	EndGlobalSection
	GlobalSection(ProjectConfigurationPlatforms) = postSolution
		{90A80B1C-5257-49D5-97B8-49E065D1C9B2}.Debug|Any CPU.ActiveCfg = Debug|Any CPU
		{90A80B1C-5257-49D5-97B8-49E065D1C9B2}.Debug|Any CPU.Build.0 = Debug|Any CPU
		{90A80B1C-5257-49D5-97B8-49E065D1C9B2}.Release|Any CPU.ActiveCfg = Release|Any CPU
		{90A80B1C-5257-49D5-97B8-49E065D1C9B2}.Release|Any CPU.Build.0 = Release|Any CPU
		{99218C27-6E48-4C92-8264-610AD58B98E8}.Debug|Any CPU.ActiveCfg = Debug|Any CPU
		{99218C27-6E48-4C92-8264-610AD58B98E8}.Debug|Any CPU.Build.0 = Debug|Any CPU
		{99218C27-6E48-4C92-8264-610AD58B98E8}.Release|Any CPU.ActiveCfg = Release|Any CPU
		{99218C27-6E48-4C92-8264-610AD58B98E8}.Release|Any CPU.Build.0 = Release|Any CPU
		{F212D4D3-3F8B-4CB5-9BF3-D6923BB84818}.Debug|Any CPU.ActiveCfg = Debug|Any CPU
		{F212D4D3-3F8B-4CB5-9BF3-D6923BB84818}.Debug|Any CPU.Build.0 = Debug|Any CPU
		{F212D4D3-3F8B-4CB5-9BF3-D6923BB84818}.Release|Any CPU.ActiveCfg = Release|Any CPU
		{F212D4D3-3F8B-4CB5-9BF3-D6923BB84818}.Release|Any CPU.Build.0 = Release|Any CPU
	EndGlobalSection
	GlobalSection(SolutionProperties) = preSolution
		HideSolutionNode = FALSE
	EndGlobalSection
	GlobalSection(ExtensibilityGlobals) = postSolution
		SolutionGuid = {4BD8A8E2-5621-4CA3-A6A1-83FE2FE58420}
	EndGlobalSection
EndGlobal
